// !$*UTF8*$!
{
	archiveVersion = 1;
	classes = {
	};
	objectVersion = 48;
	objects = {

/* Begin PBXBuildFile section */
		63816B231F3BD00E00BA0484 /* AppDelegate.swift in Sources */ = {isa = PBXBuildFile; fileRef = 63816B221F3BD00E00BA0484 /* AppDelegate.swift */; };
		63816B251F3BD00E00BA0484 /* ViewController.swift in Sources */ = {isa = PBXBuildFile; fileRef = 63816B241F3BD00E00BA0484 /* ViewController.swift */; };
		63816B281F3BD00E00BA0484 /* Main.storyboard in Resources */ = {isa = PBXBuildFile; fileRef = 63816B261F3BD00E00BA0484 /* Main.storyboard */; };
		63816B2A1F3BD00E00BA0484 /* Assets.xcassets in Resources */ = {isa = PBXBuildFile; fileRef = 63816B291F3BD00E00BA0484 /* Assets.xcassets */; };
		63816B2D1F3BD00E00BA0484 /* LaunchScreen.storyboard in Resources */ = {isa = PBXBuildFile; fileRef = 63816B2B1F3BD00E00BA0484 /* LaunchScreen.storyboard */; };
		63816B361F3BD06700BA0484 /* Story.swift in Sources */ = {isa = PBXBuildFile; fileRef = 63816B351F3BD06700BA0484 /* Story.swift */; };
		63816B381F3BD07900BA0484 /* Scene.swift in Sources */ = {isa = PBXBuildFile; fileRef = 63816B371F3BD07900BA0484 /* Scene.swift */; };
		63816B3A1F3BD09100BA0484 /* SceneOption.swift in Sources */ = {isa = PBXBuildFile; fileRef = 63816B391F3BD09100BA0484 /* SceneOption.swift */; };
/* End PBXBuildFile section */

/* Begin PBXFileReference section */
		63816B1F1F3BD00E00BA0484 /* StoryTime.app */ = {isa = PBXFileReference; explicitFileType = wrapper.application; includeInIndex = 0; path = StoryTime.app; sourceTree = BUILT_PRODUCTS_DIR; };
		63816B221F3BD00E00BA0484 /* AppDelegate.swift */ = {isa = PBXFileReference; lastKnownFileType = sourcecode.swift; path = AppDelegate.swift; sourceTree = "<group>"; };
		63816B241F3BD00E00BA0484 /* ViewController.swift */ = {isa = PBXFileReference; lastKnownFileType = sourcecode.swift; path = ViewController.swift; sourceTree = "<group>"; };
		63816B271F3BD00E00BA0484 /* Base */ = {isa = PBXFileReference; lastKnownFileType = file.storyboard; name = Base; path = Base.lproj/Main.storyboard; sourceTree = "<group>"; };
		63816B291F3BD00E00BA0484 /* Assets.xcassets */ = {isa = PBXFileReference; lastKnownFileType = folder.assetcatalog; path = Assets.xcassets; sourceTree = "<group>"; };
		63816B2C1F3BD00E00BA0484 /* Base */ = {isa = PBXFileReference; lastKnownFileType = file.storyboard; name = Base; path = Base.lproj/LaunchScreen.storyboard; sourceTree = "<group>"; };
		63816B2E1F3BD00E00BA0484 /* Info.plist */ = {isa = PBXFileReference; lastKnownFileType = text.plist.xml; path = Info.plist; sourceTree = "<group>"; };
		63816B351F3BD06700BA0484 /* Story.swift */ = {isa = PBXFileReference; lastKnownFileType = sourcecode.swift; path = Story.swift; sourceTree = "<group>"; };
		63816B371F3BD07900BA0484 /* Scene.swift */ = {isa = PBXFileReference; lastKnownFileType = sourcecode.swift; path = Scene.swift; sourceTree = "<group>"; };
		63816B391F3BD09100BA0484 /* SceneOption.swift */ = {isa = PBXFileReference; lastKnownFileType = sourcecode.swift; path = SceneOption.swift; sourceTree = "<group>"; };
/* End PBXFileReference section */

/* Begin PBXFrameworksBuildPhase section */
		63816B1C1F3BD00E00BA0484 /* Frameworks */ = {
			isa = PBXFrameworksBuildPhase;
			buildActionMask = 2147483647;
			files = (
			);
			runOnlyForDeploymentPostprocessing = 0;
		};
/* End PBXFrameworksBuildPhase section */

/* Begin PBXGroup section */
		63816B161F3BD00E00BA0484 = {
			isa = PBXGroup;
			children = (
				63816B341F3BD05300BA0484 /* Model */,
				63816B211F3BD00E00BA0484 /* StoryTime */,
				63816B201F3BD00E00BA0484 /* Products */,
			);
			sourceTree = "<group>";
		};
		63816B201F3BD00E00BA0484 /* Products */ = {
			isa = PBXGroup;
			children = (
				63816B1F1F3BD00E00BA0484 /* StoryTime.app */,
			);
			name = Products;
			sourceTree = "<group>";
		};
		63816B211F3BD00E00BA0484 /* StoryTime */ = {
			isa = PBXGroup;
			children = (
				63816B221F3BD00E00BA0484 /* AppDelegate.swift */,
				63816B241F3BD00E00BA0484 /* ViewController.swift */,
				63816B261F3BD00E00BA0484 /* Main.storyboard */,
				63816B291F3BD00E00BA0484 /* Assets.xcassets */,
				63816B2B1F3BD00E00BA0484 /* LaunchScreen.storyboard */,
				63816B2E1F3BD00E00BA0484 /* Info.plist */,
			);
			path = StoryTime;
			sourceTree = "<group>";
		};
		63816B341F3BD05300BA0484 /* Model */ = {
			isa = PBXGroup;
			children = (
				63816B351F3BD06700BA0484 /* Story.swift */,
				63816B371F3BD07900BA0484 /* Scene.swift */,
				63816B391F3BD09100BA0484 /* SceneOption.swift */,
			);
			path = Model;
			sourceTree = "<group>";
		};
/* End PBXGroup section */

/* Begin PBXNativeTarget section */
		63816B1E1F3BD00E00BA0484 /* StoryTime */ = {
			isa = PBXNativeTarget;
			buildConfigurationList = 63816B311F3BD00E00BA0484 /* Build configuration list for PBXNativeTarget "StoryTime" */;
			buildPhases = (
				63816B1B1F3BD00E00BA0484 /* Sources */,
				63816B1C1F3BD00E00BA0484 /* Frameworks */,
				63816B1D1F3BD00E00BA0484 /* Resources */,
			);
			buildRules = (
			);
			dependencies = (
			);
			name = StoryTime;
			productName = StoryTime;
			productReference = 63816B1F1F3BD00E00BA0484 /* StoryTime.app */;
			productType = "com.apple.product-type.application";
		};
/* End PBXNativeTarget section */

/* Begin PBXProject section */
		63816B171F3BD00E00BA0484 /* Project object */ = {
			isa = PBXProject;
			attributes = {
				LastSwiftUpdateCheck = 0900;
				LastUpgradeCheck = 0900;
				ORGANIZATIONNAME = "Imagitale Studios";
				TargetAttributes = {
					63816B1E1F3BD00E00BA0484 = {
						CreatedOnToolsVersion = 9.0;
					};
				};
			};
			buildConfigurationList = 63816B1A1F3BD00E00BA0484 /* Build configuration list for PBXProject "StoryTime" */;
			compatibilityVersion = "Xcode 8.0";
			developmentRegion = en;
			hasScannedForEncodings = 0;
			knownRegions = (
				en,
				Base,
			);
			mainGroup = 63816B161F3BD00E00BA0484;
			productRefGroup = 63816B201F3BD00E00BA0484 /* Products */;
			projectDirPath = "";
			projectRoot = "";
			targets = (
				63816B1E1F3BD00E00BA0484 /* StoryTime */,
			);
		};
/* End PBXProject section */

/* Begin PBXResourcesBuildPhase section */
		63816B1D1F3BD00E00BA0484 /* Resources */ = {
			isa = PBXResourcesBuildPhase;
			buildActionMask = 2147483647;
			files = (
				63816B2D1F3BD00E00BA0484 /* LaunchScreen.storyboard in Resources */,
				63816B2A1F3BD00E00BA0484 /* Assets.xcassets in Resources */,
				63816B281F3BD00E00BA0484 /* Main.storyboard in Resources */,
			);
			runOnlyForDeploymentPostprocessing = 0;
		};
/* End PBXResourcesBuildPhase section */

/* Begin PBXSourcesBuildPhase section */
		63816B1B1F3BD00E00BA0484 /* Sources */ = {
			isa = PBXSourcesBuildPhase;
			buildActionMask = 2147483647;
			files = (
				63816B381F3BD07900BA0484 /* Scene.swift in Sources */,
				63816B251F3BD00E00BA0484 /* ViewController.swift in Sources */,
				63816B3A1F3BD09100BA0484 /* SceneOption.swift in Sources */,
				63816B231F3BD00E00BA0484 /* AppDelegate.swift in Sources */,
				63816B361F3BD06700BA0484 /* Story.swift in Sources */,
			);
			runOnlyForDeploymentPostprocessing = 0;
		};
/* End PBXSourcesBuildPhase section */

/* Begin PBXVariantGroup section */
		63816B261F3BD00E00BA0484 /* Main.storyboard */ = {
			isa = PBXVariantGroup;
			children = (
				63816B271F3BD00E00BA0484 /* Base */,
			);
			name = Main.storyboard;
			sourceTree = "<group>";
		};
		63816B2B1F3BD00E00BA0484 /* LaunchScreen.storyboard */ = {
			isa = PBXVariantGroup;
			children = (
				63816B2C1F3BD00E00BA0484 /* Base */,
			);
			name = LaunchScreen.storyboard;
			sourceTree = "<group>";
		};
/* End PBXVariantGroup section */

/* Begin XCBuildConfiguration section */
		63816B2F1F3BD00E00BA0484 /* Debug */ = {
			isa = XCBuildConfiguration;
			buildSettings = {
				ALWAYS_SEARCH_USER_PATHS = NO;
				CLANG_ANALYZER_NONNULL = YES;
				CLANG_ANALYZER_NUMBER_OBJECT_CONVERSION = YES_AGGRESSIVE;
				CLANG_CXX_LANGUAGE_STANDARD = "gnu++14";
				CLANG_CXX_LIBRARY = "libc++";
				CLANG_ENABLE_MODULES = YES;
				CLANG_ENABLE_OBJC_ARC = YES;
				CLANG_WARN_BLOCK_CAPTURE_AUTORELEASING = YES;
				CLANG_WARN_BOOL_CONVERSION = YES;
				CLANG_WARN_COMMA = YES;
				CLANG_WARN_CONSTANT_CONVERSION = YES;
				CLANG_WARN_DIRECT_OBJC_ISA_USAGE = YES_ERROR;
				CLANG_WARN_DOCUMENTATION_COMMENTS = YES;
				CLANG_WARN_EMPTY_BODY = YES;
				CLANG_WARN_ENUM_CONVERSION = YES;
				CLANG_WARN_INFINITE_RECURSION = YES;
				CLANG_WARN_INT_CONVERSION = YES;
				CLANG_WARN_NON_LITERAL_NULL_CONVERSION = YES;
				CLANG_WARN_OBJC_LITERAL_CONVERSION = YES;
				CLANG_WARN_OBJC_ROOT_CLASS = YES_ERROR;
				CLANG_WARN_RANGE_LOOP_ANALYSIS = YES;
				CLANG_WARN_STRICT_PROTOTYPES = YES;
				CLANG_WARN_SUSPICIOUS_MOVE = YES;
				CLANG_WARN_UNGUARDED_AVAILABILITY = YES_AGGRESSIVE;
				CLANG_WARN_UNREACHABLE_CODE = YES;
				CLANG_WARN__DUPLICATE_METHOD_MATCH = YES;
				CODE_SIGN_IDENTITY = "iPhone Developer";
				COPY_PHASE_STRIP = NO;
				DEBUG_INFORMATION_FORMAT = dwarf;
				ENABLE_STRICT_OBJC_MSGSEND = YES;
				ENABLE_TESTABILITY = YES;
				GCC_C_LANGUAGE_STANDARD = gnu11;
				GCC_DYNAMIC_NO_PIC = NO;
				GCC_NO_COMMON_BLOCKS = YES;
				GCC_OPTIMIZATION_LEVEL = 0;
				GCC_PREPROCESSOR_DEFINITIONS = (
					"DEBUG=1",
					"$(inherited)",
				);
				GCC_WARN_64_TO_32_BIT_CONVERSION = YES;
				GCC_WARN_ABOUT_RETURN_TYPE = YES_ERROR;
				GCC_WARN_UNDECLARED_SELECTOR = YES;
				GCC_WARN_UNINITIALIZED_AUTOS = YES_AGGRESSIVE;
				GCC_WARN_UNUSED_FUNCTION = YES;
				GCC_WARN_UNUSED_VARIABLE = YES;
				IPHONEOS_DEPLOYMENT_TARGET = 11.0;
				MTL_ENABLE_DEBUG_INFO = YES;
				ONLY_ACTIVE_ARCH = YES;
				SDKROOT = iphoneos;
				SWIFT_ACTIVE_COMPILATION_CONDITIONS = DEBUG;
				SWIFT_OPTIMIZATION_LEVEL = "-Onone";
			};
			name = Debug;
		};
		63816B301F3BD00E00BA0484 /* Release */ = {
			isa = XCBuildConfiguration;
			buildSettings = {
				ALWAYS_SEARCH_USER_PATHS = NO;
				CLANG_ANALYZER_NONNULL = YES;
				CLANG_ANALYZER_NUMBER_OBJECT_CONVERSION = YES_AGGRESSIVE;
				CLANG_CXX_LANGUAGE_STANDARD = "gnu++14";
				CLANG_CXX_LIBRARY = "libc++";
				CLANG_ENABLE_MODULES = YES;
				CLANG_ENABLE_OBJC_ARC = YES;
				CLANG_WARN_BLOCK_CAPTURE_AUTORELEASING = YES;
				CLANG_WARN_BOOL_CONVERSION = YES;
				CLANG_WARN_COMMA = YES;
				CLANG_WARN_CONSTANT_CONVERSION = YES;
				CLANG_WARN_DIRECT_OBJC_ISA_USAGE = YES_ERROR;
				CLANG_WARN_DOCUMENTATION_COMMENTS = YES;
				CLANG_WARN_EMPTY_BODY = YES;
				CLANG_WARN_ENUM_CONVERSION = YES;
				CLANG_WARN_INFINITE_RECURSION = YES;
				CLANG_WARN_INT_CONVERSION = YES;
				CLANG_WARN_NON_LITERAL_NULL_CONVERSION = YES;
				CLANG_WARN_OBJC_LITERAL_CONVERSION = YES;
				CLANG_WARN_OBJC_ROOT_CLASS = YES_ERROR;
				CLANG_WARN_RANGE_LOOP_ANALYSIS = YES;
				CLANG_WARN_STRICT_PROTOTYPES = YES;
				CLANG_WARN_SUSPICIOUS_MOVE = YES;
				CLANG_WARN_UNGUARDED_AVAILABILITY = YES_AGGRESSIVE;
				CLANG_WARN_UNREACHABLE_CODE = YES;
				CLANG_WARN__DUPLICATE_METHOD_MATCH = YES;
				CODE_SIGN_IDENTITY = "iPhone Developer";
				COPY_PHASE_STRIP = NO;
				DEBUG_INFORMATION_FORMAT = "dwarf-with-dsym";
				ENABLE_NS_ASSERTIONS = NO;
				ENABLE_STRICT_OBJC_MSGSEND = YES;
				GCC_C_LANGUAGE_STANDARD = gnu11;
				GCC_NO_COMMON_BLOCKS = YES;
				GCC_WARN_64_TO_32_BIT_CONVERSION = YES;
				GCC_WARN_ABOUT_RETURN_TYPE = YES_ERROR;
				GCC_WARN_UNDECLARED_SELECTOR = YES;
				GCC_WARN_UNINITIALIZED_AUTOS = YES_AGGRESSIVE;
				GCC_WARN_UNUSED_FUNCTION = YES;
				GCC_WARN_UNUSED_VARIABLE = YES;
				IPHONEOS_DEPLOYMENT_TARGET = 11.0;
				MTL_ENABLE_DEBUG_INFO = NO;
				SDKROOT = iphoneos;
				SWIFT_OPTIMIZATION_LEVEL = "-Owholemodule";
				VALIDATE_PRODUCT = YES;
			};
			name = Release;
		};
		63816B321F3BD00E00BA0484 /* Debug */ = {
			isa = XCBuildConfiguration;
			buildSettings = {
				ASSETCATALOG_COMPILER_APPICON_NAME = AppIcon;
				DEVELOPMENT_TEAM = P39UW97K57;
				INFOPLIST_FILE = StoryTime/Info.plist;
				LD_RUNPATH_SEARCH_PATHS = "$(inherited) @executable_path/Frameworks";
				PRODUCT_BUNDLE_IDENTIFIER = com.imagitalestudios.StoryTime;
				PRODUCT_NAME = "$(TARGET_NAME)";
				SWIFT_VERSION = 4.0;
				TARGETED_DEVICE_FAMILY = "1,2";
			};
			name = Debug;
		};
		63816B331F3BD00E00BA0484 /* Release */ = {
			isa = XCBuildConfiguration;
			buildSettings = {
				ASSETCATALOG_COMPILER_APPICON_NAME = AppIcon;
				DEVELOPMENT_TEAM = P39UW97K57;
				INFOPLIST_FILE = StoryTime/Info.plist;
				LD_RUNPATH_SEARCH_PATHS = "$(inherited) @executable_path/Frameworks";
				PRODUCT_BUNDLE_IDENTIFIER = com.imagitalestudios.StoryTime;
				PRODUCT_NAME = "$(TARGET_NAME)";
				SWIFT_VERSION = 4.0;
				TARGETED_DEVICE_FAMILY = "1,2";
			};
			name = Release;
		};
/* End XCBuildConfiguration section */

/* Begin XCConfigurationList section */
		63816B1A1F3BD00E00BA0484 /* Build configuration list for PBXProject "StoryTime" */ = {
			isa = XCConfigurationList;
			buildConfigurations = (
				63816B2F1F3BD00E00BA0484 /* Debug */,
				63816B301F3BD00E00BA0484 /* Release */,
			);
			defaultConfigurationIsVisible = 0;
			defaultConfigurationName = Release;
		};
		63816B311F3BD00E00BA0484 /* Build configuration list for PBXNativeTarget "StoryTime" */ = {
			isa = XCConfigurationList;
			buildConfigurations = (
				63816B321F3BD00E00BA0484 /* Debug */,
				63816B331F3BD00E00BA0484 /* Release */,
			);
			defaultConfigurationIsVisible = 0;
			defaultConfigurationName = Release;
		};
/* End XCConfigurationList section */
	};
	rootObject = 63816B171F3BD00E00BA0484 /* Project object */;
}
